
Microsoft Visual Studio Solution File, Format Version 12.00
# Visual Studio Version 16
VisualStudioVersion = 16.0.30611.23
MinimumVisualStudioVersion = 10.0.40219.1
Project("{FAE04EC0-301F-11D3-BF4B-00C04F79EFBC}") = "TConstructor", "TConstructor\TConstructor.csproj", "{9505F3B5-3F42-47E1-8520-DD160776ADDC}"
EndProject
Global
	GlobalSection(SolutionConfigurationPlatforms) = preSolution
		Debug|Any CPU = Debug|Any CPU
		Release|Any CPU = Release|Any CPU
	EndGlobalSection
	GlobalSection(ProjectConfigurationPlatforms) = postSolution
		{9505F3B5-3F42-47E1-8520-DD160776ADDC}.Debug|Any CPU.ActiveCfg = Debug|Any CPU
		{9505F3B5-3F42-47E1-8520-DD160776ADDC}.Debug|Any CPU.Build.0 = Debug|Any CPU
		{9505F3B5-3F42-47E1-8520-DD160776ADDC}.Release|Any CPU.ActiveCfg = Release|Any CPU
		{9505F3B5-3F42-47E1-8520-DD160776ADDC}.Release|Any CPU.Build.0 = Release|Any CPU
	EndGlobalSection
	GlobalSection(SolutionProperties) = preSolution
		HideSolutionNode = FALSE
	EndGlobalSection
	GlobalSection(ExtensibilityGlobals) = postSolution
		SolutionGuid = {7BE987BF-2374-46A9-93BD-16BB904508B7}
	EndGlobalSection
EndGlobal
